// !$*UTF8*$!
{
	archiveVersion = 1;
	classes = {
	};
	objectVersion = 50;
	objects = {

/* Begin PBXBuildFile section */
		58435815217B8CEA002E2766 /* SignUpViewController.swift in Sources */ = {isa = PBXBuildFile; fileRef = 58435814217B8CEA002E2766 /* SignUpViewController.swift */; };
		58435819217B8D0B002E2766 /* WelcomeViewController.swift in Sources */ = {isa = PBXBuildFile; fileRef = 58435818217B8D0B002E2766 /* WelcomeViewController.swift */; };
		5843581B217BB994002E2766 /* LoginViewController.swift in Sources */ = {isa = PBXBuildFile; fileRef = 5843581A217BB994002E2766 /* LoginViewController.swift */; };
		58F080A4217B6FFE00EA42CE /* AppDelegate.swift in Sources */ = {isa = PBXBuildFile; fileRef = 58F080A3217B6FFE00EA42CE /* AppDelegate.swift */; };
		58F080A9217B6FFE00EA42CE /* Main.storyboard in Resources */ = {isa = PBXBuildFile; fileRef = 58F080A7217B6FFE00EA42CE /* Main.storyboard */; };
		58F080AB217B700100EA42CE /* Assets.xcassets in Resources */ = {isa = PBXBuildFile; fileRef = 58F080AA217B700100EA42CE /* Assets.xcassets */; };
		58F080AE217B700100EA42CE /* LaunchScreen.storyboard in Resources */ = {isa = PBXBuildFile; fileRef = 58F080AC217B700100EA42CE /* LaunchScreen.storyboard */; };
		58F080B6217B712D00EA42CE /* GoogleService-Info.plist in Resources */ = {isa = PBXBuildFile; fileRef = 58F080B5217B712D00EA42CE /* GoogleService-Info.plist */; };
		DF05DE8548398439E6630058 /* Pods_crud_firebase.framework in Frameworks */ = {isa = PBXBuildFile; fileRef = A4B1E76D080C1C70D4AAE67F /* Pods_crud_firebase.framework */; };
/* End PBXBuildFile section */

/* Begin PBXFileReference section */
		58435814217B8CEA002E2766 /* SignUpViewController.swift */ = {isa = PBXFileReference; lastKnownFileType = sourcecode.swift; path = SignUpViewController.swift; sourceTree = "<group>"; };
		58435818217B8D0B002E2766 /* WelcomeViewController.swift */ = {isa = PBXFileReference; lastKnownFileType = sourcecode.swift; path = WelcomeViewController.swift; sourceTree = "<group>"; };
		5843581A217BB994002E2766 /* LoginViewController.swift */ = {isa = PBXFileReference; lastKnownFileType = sourcecode.swift; path = LoginViewController.swift; sourceTree = "<group>"; };
		58F080A0217B6FFE00EA42CE /* crud-firebase.app */ = {isa = PBXFileReference; explicitFileType = wrapper.application; includeInIndex = 0; path = "crud-firebase.app"; sourceTree = BUILT_PRODUCTS_DIR; };
		58F080A3217B6FFE00EA42CE /* AppDelegate.swift */ = {isa = PBXFileReference; lastKnownFileType = sourcecode.swift; path = AppDelegate.swift; sourceTree = "<group>"; };
		58F080A8217B6FFE00EA42CE /* Base */ = {isa = PBXFileReference; lastKnownFileType = file.storyboard; name = Base; path = Base.lproj/Main.storyboard; sourceTree = "<group>"; };
		58F080AA217B700100EA42CE /* Assets.xcassets */ = {isa = PBXFileReference; lastKnownFileType = folder.assetcatalog; path = Assets.xcassets; sourceTree = "<group>"; };
		58F080AD217B700100EA42CE /* Base */ = {isa = PBXFileReference; lastKnownFileType = file.storyboard; name = Base; path = Base.lproj/LaunchScreen.storyboard; sourceTree = "<group>"; };
		58F080AF217B700100EA42CE /* Info.plist */ = {isa = PBXFileReference; lastKnownFileType = text.plist.xml; path = Info.plist; sourceTree = "<group>"; };
		58F080B5217B712D00EA42CE /* GoogleService-Info.plist */ = {isa = PBXFileReference; fileEncoding = 4; lastKnownFileType = text.plist.xml; path = "GoogleService-Info.plist"; sourceTree = "<group>"; };
		A4B1E76D080C1C70D4AAE67F /* Pods_crud_firebase.framework */ = {isa = PBXFileReference; explicitFileType = wrapper.framework; includeInIndex = 0; path = Pods_crud_firebase.framework; sourceTree = BUILT_PRODUCTS_DIR; };
		B5F852478D732C77F1462D8E /* Pods-crud-firebase.release.xcconfig */ = {isa = PBXFileReference; includeInIndex = 1; lastKnownFileType = text.xcconfig; name = "Pods-crud-firebase.release.xcconfig"; path = "Pods/Target Support Files/Pods-crud-firebase/Pods-crud-firebase.release.xcconfig"; sourceTree = "<group>"; };
		F840BB66245ACE2B845A400B /* Pods-crud-firebase.debug.xcconfig */ = {isa = PBXFileReference; includeInIndex = 1; lastKnownFileType = text.xcconfig; name = "Pods-crud-firebase.debug.xcconfig"; path = "Pods/Target Support Files/Pods-crud-firebase/Pods-crud-firebase.debug.xcconfig"; sourceTree = "<group>"; };
/* End PBXFileReference section */

/* Begin PBXFrameworksBuildPhase section */
		58F0809D217B6FFE00EA42CE /* Frameworks */ = {
			isa = PBXFrameworksBuildPhase;
			buildActionMask = 2147483647;
			files = (
				DF05DE8548398439E6630058 /* Pods_crud_firebase.framework in Frameworks */,
			);
			runOnlyForDeploymentPostprocessing = 0;
		};
/* End PBXFrameworksBuildPhase section */

/* Begin PBXGroup section */
		113901919CBC31AA9A45A1E5 /* Pods */ = {
			isa = PBXGroup;
			children = (
				F840BB66245ACE2B845A400B /* Pods-crud-firebase.debug.xcconfig */,
				B5F852478D732C77F1462D8E /* Pods-crud-firebase.release.xcconfig */,
			);
			name = Pods;
			sourceTree = "<group>";
		};
		3C67EFE885088A157F898588 /* Frameworks */ = {
			isa = PBXGroup;
			children = (
				A4B1E76D080C1C70D4AAE67F /* Pods_crud_firebase.framework */,
			);
			name = Frameworks;
			sourceTree = "<group>";
		};
		58F08097217B6FFE00EA42CE = {
			isa = PBXGroup;
			children = (
				58F080A2217B6FFE00EA42CE /* crud-firebase */,
				58F080A1217B6FFE00EA42CE /* Products */,
				113901919CBC31AA9A45A1E5 /* Pods */,
				3C67EFE885088A157F898588 /* Frameworks */,
			);
			sourceTree = "<group>";
		};
		58F080A1217B6FFE00EA42CE /* Products */ = {
			isa = PBXGroup;
			children = (
				58F080A0217B6FFE00EA42CE /* crud-firebase.app */,
			);
			name = Products;
			sourceTree = "<group>";
		};
		58F080A2217B6FFE00EA42CE /* crud-firebase */ = {
			isa = PBXGroup;
			children = (
				58F080A3217B6FFE00EA42CE /* AppDelegate.swift */,
				58435814217B8CEA002E2766 /* SignUpViewController.swift */,
				5843581A217BB994002E2766 /* LoginViewController.swift */,
				58435818217B8D0B002E2766 /* WelcomeViewController.swift */,
				58F080A7217B6FFE00EA42CE /* Main.storyboard */,
				58F080AA217B700100EA42CE /* Assets.xcassets */,
				58F080AC217B700100EA42CE /* LaunchScreen.storyboard */,
				58F080AF217B700100EA42CE /* Info.plist */,
				58F080B5217B712D00EA42CE /* GoogleService-Info.plist */,
			);
			path = "crud-firebase";
			sourceTree = "<group>";
		};
/* End PBXGroup section */

/* Begin PBXNativeTarget section */
		58F0809F217B6FFE00EA42CE /* crud-firebase */ = {
			isa = PBXNativeTarget;
			buildConfigurationList = 58F080B2217B700100EA42CE /* Build configuration list for PBXNativeTarget "crud-firebase" */;
			buildPhases = (
				45CC1A06E24D6C68EDD64F80 /* [CP] Check Pods Manifest.lock */,
				58F0809C217B6FFE00EA42CE /* Sources */,
				58F0809D217B6FFE00EA42CE /* Frameworks */,
				58F0809E217B6FFE00EA42CE /* Resources */,
				66C7728612DE75D53EC2D603 /* [CP] Embed Pods Frameworks */,
			);
			buildRules = (
			);
			dependencies = (
			);
			name = "crud-firebase";
			productName = "crud-firebase";
			productReference = 58F080A0217B6FFE00EA42CE /* crud-firebase.app */;
			productType = "com.apple.product-type.application";
		};
/* End PBXNativeTarget section */

/* Begin PBXProject section */
		58F08098217B6FFE00EA42CE /* Project object */ = {
			isa = PBXProject;
			attributes = {
				LastSwiftUpdateCheck = 1000;
				LastUpgradeCheck = 1000;
				ORGANIZATIONNAME = "Dheeraj Bhavsar";
				TargetAttributes = {
					58F0809F217B6FFE00EA42CE = {
						CreatedOnToolsVersion = 10.0;
					};
				};
			};
			buildConfigurationList = 58F0809B217B6FFE00EA42CE /* Build configuration list for PBXProject "crud-firebase" */;
			compatibilityVersion = "Xcode 9.3";
			developmentRegion = en;
			hasScannedForEncodings = 0;
			knownRegions = (
				en,
				Base,
			);
			mainGroup = 58F08097217B6FFE00EA42CE;
			productRefGroup = 58F080A1217B6FFE00EA42CE /* Products */;
			projectDirPath = "";
			projectRoot = "";
			targets = (
				58F0809F217B6FFE00EA42CE /* crud-firebase */,
			);
		};
/* End PBXProject section */

/* Begin PBXResourcesBuildPhase section */
		58F0809E217B6FFE00EA42CE /* Resources */ = {
			isa = PBXResourcesBuildPhase;
			buildActionMask = 2147483647;
			files = (
				58F080AE217B700100EA42CE /* LaunchScreen.storyboard in Resources */,
				58F080B6217B712D00EA42CE /* GoogleService-Info.plist in Resources */,
				58F080AB217B700100EA42CE /* Assets.xcassets in Resources */,
				58F080A9217B6FFE00EA42CE /* Main.storyboard in Resources */,
			);
			runOnlyForDeploymentPostprocessing = 0;
		};
/* End PBXResourcesBuildPhase section */

/* Begin PBXShellScriptBuildPhase section */
		45CC1A06E24D6C68EDD64F80 /* [CP] Check Pods Manifest.lock */ = {
			isa = PBXShellScriptBuildPhase;
			buildActionMask = 2147483647;
			files = (
			);
			inputPaths = (
				"${PODS_PODFILE_DIR_PATH}/Podfile.lock",
				"${PODS_ROOT}/Manifest.lock",
			);
			name = "[CP] Check Pods Manifest.lock";
			outputPaths = (
				"$(DERIVED_FILE_DIR)/Pods-crud-firebase-checkManifestLockResult.txt",
			);
			runOnlyForDeploymentPostprocessing = 0;
			shellPath = /bin/sh;
			shellScript = "diff \"${PODS_PODFILE_DIR_PATH}/Podfile.lock\" \"${PODS_ROOT}/Manifest.lock\" > /dev/null\nif [ $? != 0 ] ; then\n    # print error to STDERR\n    echo \"error: The sandbox is not in sync with the Podfile.lock. Run 'pod install' or update your CocoaPods installation.\" >&2\n    exit 1\nfi\n# This output is used by Xcode 'outputs' to avoid re-running this script phase.\necho \"SUCCESS\" > \"${SCRIPT_OUTPUT_FILE_0}\"\n";
			showEnvVarsInLog = 0;
		};
		66C7728612DE75D53EC2D603 /* [CP] Embed Pods Frameworks */ = {
			isa = PBXShellScriptBuildPhase;
			buildActionMask = 2147483647;
			files = (
			);
			inputPaths = (
				"${SRCROOT}/Pods/Target Support Files/Pods-crud-firebase/Pods-crud-firebase-frameworks.sh",
				"${BUILT_PRODUCTS_DIR}/GTMSessionFetcher/GTMSessionFetcher.framework",
				"${BUILT_PRODUCTS_DIR}/GoogleUtilities/GoogleUtilities.framework",
				"${BUILT_PRODUCTS_DIR}/nanopb/nanopb.framework",
			);
			name = "[CP] Embed Pods Frameworks";
			outputPaths = (
				"${TARGET_BUILD_DIR}/${FRAMEWORKS_FOLDER_PATH}/GTMSessionFetcher.framework",
				"${TARGET_BUILD_DIR}/${FRAMEWORKS_FOLDER_PATH}/GoogleUtilities.framework",
				"${TARGET_BUILD_DIR}/${FRAMEWORKS_FOLDER_PATH}/nanopb.framework",
			);
			runOnlyForDeploymentPostprocessing = 0;
			shellPath = /bin/sh;
			shellScript = "\"${SRCROOT}/Pods/Target Support Files/Pods-crud-firebase/Pods-crud-firebase-frameworks.sh\"\n";
			showEnvVarsInLog = 0;
		};
/* End PBXShellScriptBuildPhase section */

/* Begin PBXSourcesBuildPhase section */
		58F0809C217B6FFE00EA42CE /* Sources */ = {
			isa = PBXSourcesBuildPhase;
			buildActionMask = 2147483647;
			files = (
				5843581B217BB994002E2766 /* LoginViewController.swift in Sources */,
				58435819217B8D0B002E2766 /* WelcomeViewController.swift in Sources */,
				58435815217B8CEA002E2766 /* SignUpViewController.swift in Sources */,
				58F080A4217B6FFE00EA42CE /* AppDelegate.swift in Sources */,
			);
			runOnlyForDeploymentPostprocessing = 0;
		};
/* End PBXSourcesBuildPhase section */

/* Begin PBXVariantGroup section */
		58F080A7217B6FFE00EA42CE /* Main.storyboard */ = {
			isa = PBXVariantGroup;
			children = (
				58F080A8217B6FFE00EA42CE /* Base */,
			);
			name = Main.storyboard;
			sourceTree = "<group>";
		};
		58F080AC217B700100EA42CE /* LaunchScreen.storyboard */ = {
			isa = PBXVariantGroup;
			children = (
				58F080AD217B700100EA42CE /* Base */,
			);
			name = LaunchScreen.storyboard;
			sourceTree = "<group>";
		};
/* End PBXVariantGroup section */

/* Begin XCBuildConfiguration section */
		58F080B0217B700100EA42CE /* Debug */ = {
			isa = XCBuildConfiguration;
			buildSettings = {
				ALWAYS_SEARCH_USER_PATHS = NO;
				CLANG_ANALYZER_NONNULL = YES;
				CLANG_ANALYZER_NUMBER_OBJECT_CONVERSION = YES_AGGRESSIVE;
				CLANG_CXX_LANGUAGE_STANDARD = "gnu++14";
				CLANG_CXX_LIBRARY = "libc++";
				CLANG_ENABLE_MODULES = YES;
				CLANG_ENABLE_OBJC_ARC = YES;
				CLANG_ENABLE_OBJC_WEAK = YES;
				CLANG_WARN_BLOCK_CAPTURE_AUTORELEASING = YES;
				CLANG_WARN_BOOL_CONVERSION = YES;
				CLANG_WARN_COMMA = YES;
				CLANG_WARN_CONSTANT_CONVERSION = YES;
				CLANG_WARN_DEPRECATED_OBJC_IMPLEMENTATIONS = YES;
				CLANG_WARN_DIRECT_OBJC_ISA_USAGE = YES_ERROR;
				CLANG_WARN_DOCUMENTATION_COMMENTS = YES;
				CLANG_WARN_EMPTY_BODY = YES;
				CLANG_WARN_ENUM_CONVERSION = YES;
				CLANG_WARN_INFINITE_RECURSION = YES;
				CLANG_WARN_INT_CONVERSION = YES;
				CLANG_WARN_NON_LITERAL_NULL_CONVERSION = YES;
				CLANG_WARN_OBJC_IMPLICIT_RETAIN_SELF = YES;
				CLANG_WARN_OBJC_LITERAL_CONVERSION = YES;
				CLANG_WARN_OBJC_ROOT_CLASS = YES_ERROR;
				CLANG_WARN_RANGE_LOOP_ANALYSIS = YES;
				CLANG_WARN_STRICT_PROTOTYPES = YES;
				CLANG_WARN_SUSPICIOUS_MOVE = YES;
				CLANG_WARN_UNGUARDED_AVAILABILITY = YES_AGGRESSIVE;
				CLANG_WARN_UNREACHABLE_CODE = YES;
				CLANG_WARN__DUPLICATE_METHOD_MATCH = YES;
				CODE_SIGN_IDENTITY = "iPhone Developer";
				COPY_PHASE_STRIP = NO;
				DEBUG_INFORMATION_FORMAT = dwarf;
				ENABLE_STRICT_OBJC_MSGSEND = YES;
				ENABLE_TESTABILITY = YES;
				GCC_C_LANGUAGE_STANDARD = gnu11;
				GCC_DYNAMIC_NO_PIC = NO;
				GCC_NO_COMMON_BLOCKS = YES;
				GCC_OPTIMIZATION_LEVEL = 0;
				GCC_PREPROCESSOR_DEFINITIONS = (
					"DEBUG=1",
					"$(inherited)",
				);
				GCC_WARN_64_TO_32_BIT_CONVERSION = YES;
				GCC_WARN_ABOUT_RETURN_TYPE = YES_ERROR;
				GCC_WARN_UNDECLARED_SELECTOR = YES;
				GCC_WARN_UNINITIALIZED_AUTOS = YES_AGGRESSIVE;
				GCC_WARN_UNUSED_FUNCTION = YES;
				GCC_WARN_UNUSED_VARIABLE = YES;
				IPHONEOS_DEPLOYMENT_TARGET = 12.0;
				MTL_ENABLE_DEBUG_INFO = INCLUDE_SOURCE;
				MTL_FAST_MATH = YES;
				ONLY_ACTIVE_ARCH = YES;
				SDKROOT = iphoneos;
				SWIFT_ACTIVE_COMPILATION_CONDITIONS = DEBUG;
				SWIFT_OPTIMIZATION_LEVEL = "-Onone";
			};
			name = Debug;
		};
		58F080B1217B700100EA42CE /* Release */ = {
			isa = XCBuildConfiguration;
			buildSettings = {
				ALWAYS_SEARCH_USER_PATHS = NO;
				CLANG_ANALYZER_NONNULL = YES;
				CLANG_ANALYZER_NUMBER_OBJECT_CONVERSION = YES_AGGRESSIVE;
				CLANG_CXX_LANGUAGE_STANDARD = "gnu++14";
				CLANG_CXX_LIBRARY = "libc++";
				CLANG_ENABLE_MODULES = YES;
				CLANG_ENABLE_OBJC_ARC = YES;
				CLANG_ENABLE_OBJC_WEAK = YES;
				CLANG_WARN_BLOCK_CAPTURE_AUTORELEASING = YES;
				CLANG_WARN_BOOL_CONVERSION = YES;
				CLANG_WARN_COMMA = YES;
				CLANG_WARN_CONSTANT_CONVERSION = YES;
				CLANG_WARN_DEPRECATED_OBJC_IMPLEMENTATIONS = YES;
				CLANG_WARN_DIRECT_OBJC_ISA_USAGE = YES_ERROR;
				CLANG_WARN_DOCUMENTATION_COMMENTS = YES;
				CLANG_WARN_EMPTY_BODY = YES;
				CLANG_WARN_ENUM_CONVERSION = YES;
				CLANG_WARN_INFINITE_RECURSION = YES;
				CLANG_WARN_INT_CONVERSION = YES;
				CLANG_WARN_NON_LITERAL_NULL_CONVERSION = YES;
				CLANG_WARN_OBJC_IMPLICIT_RETAIN_SELF = YES;
				CLANG_WARN_OBJC_LITERAL_CONVERSION = YES;
				CLANG_WARN_OBJC_ROOT_CLASS = YES_ERROR;
				CLANG_WARN_RANGE_LOOP_ANALYSIS = YES;
				CLANG_WARN_STRICT_PROTOTYPES = YES;
				CLANG_WARN_SUSPICIOUS_MOVE = YES;
				CLANG_WARN_UNGUARDED_AVAILABILITY = YES_AGGRESSIVE;
				CLANG_WARN_UNREACHABLE_CODE = YES;
				CLANG_WARN__DUPLICATE_METHOD_MATCH = YES;
				CODE_SIGN_IDENTITY = "iPhone Developer";
				COPY_PHASE_STRIP = NO;
				DEBUG_INFORMATION_FORMAT = "dwarf-with-dsym";
				ENABLE_NS_ASSERTIONS = NO;
				ENABLE_STRICT_OBJC_MSGSEND = YES;
				GCC_C_LANGUAGE_STANDARD = gnu11;
				GCC_NO_COMMON_BLOCKS = YES;
				GCC_WARN_64_TO_32_BIT_CONVERSION = YES;
				GCC_WARN_ABOUT_RETURN_TYPE = YES_ERROR;
				GCC_WARN_UNDECLARED_SELECTOR = YES;
				GCC_WARN_UNINITIALIZED_AUTOS = YES_AGGRESSIVE;
				GCC_WARN_UNUSED_FUNCTION = YES;
				GCC_WARN_UNUSED_VARIABLE = YES;
				IPHONEOS_DEPLOYMENT_TARGET = 12.0;
				MTL_ENABLE_DEBUG_INFO = NO;
				MTL_FAST_MATH = YES;
				SDKROOT = iphoneos;
				SWIFT_COMPILATION_MODE = wholemodule;
				SWIFT_OPTIMIZATION_LEVEL = "-O";
				VALIDATE_PRODUCT = YES;
			};
			name = Release;
		};
		58F080B3217B700100EA42CE /* Debug */ = {
			isa = XCBuildConfiguration;
			baseConfigurationReference = F840BB66245ACE2B845A400B /* Pods-crud-firebase.debug.xcconfig */;
			buildSettings = {
				ASSETCATALOG_COMPILER_APPICON_NAME = AppIcon;
				CODE_SIGN_STYLE = Automatic;
				DEVELOPMENT_TEAM = KNF2N245S4;
				INFOPLIST_FILE = "crud-firebase/Info.plist";
				LD_RUNPATH_SEARCH_PATHS = (
					"$(inherited)",
					"@executable_path/Frameworks",
				);
				PRODUCT_BUNDLE_IDENTIFIER = "com.dheerajbhavsar.crud-firebase";
				PRODUCT_NAME = "$(TARGET_NAME)";
				SWIFT_VERSION = 4.2;
				TARGETED_DEVICE_FAMILY = "1,2";
			};
			name = Debug;
		};
		58F080B4217B700100EA42CE /* Release */ = {
			isa = XCBuildConfiguration;
			baseConfigurationReference = B5F852478D732C77F1462D8E /* Pods-crud-firebase.release.xcconfig */;
			buildSettings = {
				ASSETCATALOG_COMPILER_APPICON_NAME = AppIcon;
				CODE_SIGN_STYLE = Automatic;
				DEVELOPMENT_TEAM = KNF2N245S4;
				INFOPLIST_FILE = "crud-firebase/Info.plist";
				LD_RUNPATH_SEARCH_PATHS = (
					"$(inherited)",
					"@executable_path/Frameworks",
				);
				PRODUCT_BUNDLE_IDENTIFIER = "com.dheerajbhavsar.crud-firebase";
				PRODUCT_NAME = "$(TARGET_NAME)";
				SWIFT_VERSION = 4.2;
				TARGETED_DEVICE_FAMILY = "1,2";
			};
			name = Release;
		};
/* End XCBuildConfiguration section */

/* Begin XCConfigurationList section */
		58F0809B217B6FFE00EA42CE /* Build configuration list for PBXProject "crud-firebase" */ = {
			isa = XCConfigurationList;
			buildConfigurations = (
				58F080B0217B700100EA42CE /* Debug */,
				58F080B1217B700100EA42CE /* Release */,
			);
			defaultConfigurationIsVisible = 0;
			defaultConfigurationName = Release;
		};
		58F080B2217B700100EA42CE /* Build configuration list for PBXNativeTarget "crud-firebase" */ = {
			isa = XCConfigurationList;
			buildConfigurations = (
				58F080B3217B700100EA42CE /* Debug */,
				58F080B4217B700100EA42CE /* Release */,
			);
			defaultConfigurationIsVisible = 0;
			defaultConfigurationName = Release;
		};
/* End XCConfigurationList section */
	};
	rootObject = 58F08098217B6FFE00EA42CE /* Project object */;
}
